
Microsoft Visual Studio Solution File, Format Version 12.00
# Visual Studio Version 17
VisualStudioVersion = 17.3.32825.248
MinimumVisualStudioVersion = 10.0.40219.1
Project("{FAE04EC0-301F-11D3-BF4B-00C04F79EFBC}") = "ConsoleApp5", "ConsoleApp5\ConsoleApp5.csproj", "{084707B3-3E1C-4FBE-8BD7-CAB0C94B67F2}"
EndProject
Project("{9A19103F-16F7-4668-BE54-9A1E7A4F7556}") = "Client", "Client\Client.csproj", "{87CC31B1-DF69-4E99-87BB-6B7FA7301F52}"
EndProject
Global
	GlobalSection(SolutionConfigurationPlatforms) = preSolution
		Debug|Any CPU = Debug|Any CPU
		Release|Any CPU = Release|Any CPU
	EndGlobalSection
	GlobalSection(ProjectConfigurationPlatforms) = postSolution
		{084707B3-3E1C-4FBE-8BD7-CAB0C94B67F2}.Debug|Any CPU.ActiveCfg = Debug|Any CPU
		{084707B3-3E1C-4FBE-8BD7-CAB0C94B67F2}.Debug|Any CPU.Build.0 = Debug|Any CPU
		{084707B3-3E1C-4FBE-8BD7-CAB0C94B67F2}.Release|Any CPU.ActiveCfg = Release|Any CPU
		{084707B3-3E1C-4FBE-8BD7-CAB0C94B67F2}.Release|Any CPU.Build.0 = Release|Any CPU
		{87CC31B1-DF69-4E99-87BB-6B7FA7301F52}.Debug|Any CPU.ActiveCfg = Debug|Any CPU
		{87CC31B1-DF69-4E99-87BB-6B7FA7301F52}.Debug|Any CPU.Build.0 = Debug|Any CPU
		{87CC31B1-DF69-4E99-87BB-6B7FA7301F52}.Release|Any CPU.ActiveCfg = Release|Any CPU
		{87CC31B1-DF69-4E99-87BB-6B7FA7301F52}.Release|Any CPU.Build.0 = Release|Any CPU
	EndGlobalSection
	GlobalSection(SolutionProperties) = preSolution
		HideSolutionNode = FALSE
	EndGlobalSection
	GlobalSection(ExtensibilityGlobals) = postSolution
		SolutionGuid = {C4F09511-BBB1-4BB8-A394-08534BFD47B2}
	EndGlobalSection
EndGlobal
